
Microsoft Visual Studio Solution File, Format Version 12.00
# Visual Studio Version 17
VisualStudioVersion = 17.0.31903.59
MinimumVisualStudioVersion = 10.0.40219.1
Project("{2150E333-8FDC-42A3-9474-1A3956D46DE8}") = "back", "back", "{11BF4459-C332-B9BD-164A-F44681F2EC0B}"
EndProject
Project("{FAE04EC0-301F-11D3-BF4B-00C04F79EFBC}") = "Auth", "back\Auth\Auth.csproj", "{BC0EFBB8-5D92-44F7-B2D8-DECB6B843864}"
EndProject
Project("{FAE04EC0-301F-11D3-BF4B-00C04F79EFBC}") = "Roles", "back\Roles\Roles.csproj", "{B26AAB67-15CF-4694-8D1E-59FDEFD51501}"
EndProject
Project("{FAE04EC0-301F-11D3-BF4B-00C04F79EFBC}") = "Forum", "back\Forum\Forum.csproj", "{C3D1E2F4-6A5B-4C7D-9E8F-1234567890AB}"
EndProject
Project("{FAE04EC0-301F-11D3-BF4B-00C04F79EFBC}") = "Tareas", "back\Tareas\Tareas.csproj", "{150059EF-E23C-4038-B8AF-3A3CD6168902}"
EndProject
Global
	GlobalSection(SolutionConfigurationPlatforms) = preSolution
		Debug|Any CPU = Debug|Any CPU
		Debug|x64 = Debug|x64
		Debug|x86 = Debug|x86
		Release|Any CPU = Release|Any CPU
		Release|x64 = Release|x64
		Release|x86 = Release|x86
	EndGlobalSection
	GlobalSection(ProjectConfigurationPlatforms) = postSolution
		{BC0EFBB8-5D92-44F7-B2D8-DECB6B843864}.Debug|Any CPU.ActiveCfg = Debug|Any CPU
		{BC0EFBB8-5D92-44F7-B2D8-DECB6B843864}.Debug|Any CPU.Build.0 = Debug|Any CPU
		{BC0EFBB8-5D92-44F7-B2D8-DECB6B843864}.Debug|x64.ActiveCfg = Debug|Any CPU
		{BC0EFBB8-5D92-44F7-B2D8-DECB6B843864}.Debug|x64.Build.0 = Debug|Any CPU
		{BC0EFBB8-5D92-44F7-B2D8-DECB6B843864}.Debug|x86.ActiveCfg = Debug|Any CPU
		{BC0EFBB8-5D92-44F7-B2D8-DECB6B843864}.Debug|x86.Build.0 = Debug|Any CPU
		{BC0EFBB8-5D92-44F7-B2D8-DECB6B843864}.Release|Any CPU.ActiveCfg = Release|Any CPU
		{BC0EFBB8-5D92-44F7-B2D8-DECB6B843864}.Release|Any CPU.Build.0 = Release|Any CPU
		{BC0EFBB8-5D92-44F7-B2D8-DECB6B843864}.Release|x64.ActiveCfg = Release|Any CPU
		{BC0EFBB8-5D92-44F7-B2D8-DECB6B843864}.Release|x64.Build.0 = Release|Any CPU
		{BC0EFBB8-5D92-44F7-B2D8-DECB6B843864}.Release|x86.ActiveCfg = Release|Any CPU
		{BC0EFBB8-5D92-44F7-B2D8-DECB6B843864}.Release|x86.Build.0 = Release|Any CPU
		{B26AAB67-15CF-4694-8D1E-59FDEFD51501}.Debug|Any CPU.ActiveCfg = Debug|Any CPU
		{B26AAB67-15CF-4694-8D1E-59FDEFD51501}.Debug|Any CPU.Build.0 = Debug|Any CPU
		{B26AAB67-15CF-4694-8D1E-59FDEFD51501}.Debug|x64.ActiveCfg = Debug|Any CPU
		{B26AAB67-15CF-4694-8D1E-59FDEFD51501}.Debug|x64.Build.0 = Debug|Any CPU
		{B26AAB67-15CF-4694-8D1E-59FDEFD51501}.Debug|x86.ActiveCfg = Debug|Any CPU
		{B26AAB67-15CF-4694-8D1E-59FDEFD51501}.Debug|x86.Build.0 = Debug|Any CPU
		{B26AAB67-15CF-4694-8D1E-59FDEFD51501}.Release|Any CPU.ActiveCfg = Release|Any CPU
		{B26AAB67-15CF-4694-8D1E-59FDEFD51501}.Release|Any CPU.Build.0 = Release|Any CPU
		{B26AAB67-15CF-4694-8D1E-59FDEFD51501}.Release|x64.ActiveCfg = Release|Any CPU
		{B26AAB67-15CF-4694-8D1E-59FDEFD51501}.Release|x64.Build.0 = Release|Any CPU
		{B26AAB67-15CF-4694-8D1E-59FDEFD51501}.Release|x86.ActiveCfg = Release|Any CPU
		{B26AAB67-15CF-4694-8D1E-59FDEFD51501}.Release|x86.Build.0 = Release|Any CPU
		{C3D1E2F4-6A5B-4C7D-9E8F-1234567890AB}.Debug|Any CPU.ActiveCfg = Debug|Any CPU
		{C3D1E2F4-6A5B-4C7D-9E8F-1234567890AB}.Debug|Any CPU.Build.0 = Debug|Any CPU
		{C3D1E2F4-6A5B-4C7D-9E8F-1234567890AB}.Debug|x64.ActiveCfg = Debug|Any CPU
		{C3D1E2F4-6A5B-4C7D-9E8F-1234567890AB}.Debug|x64.Build.0 = Debug|Any CPU
		{C3D1E2F4-6A5B-4C7D-9E8F-1234567890AB}.Debug|x86.ActiveCfg = Debug|Any CPU
		{C3D1E2F4-6A5B-4C7D-9E8F-1234567890AB}.Debug|x86.Build.0 = Debug|Any CPU
		{C3D1E2F4-6A5B-4C7D-9E8F-1234567890AB}.Release|Any CPU.ActiveCfg = Release|Any CPU
		{C3D1E2F4-6A5B-4C7D-9E8F-1234567890AB}.Release|Any CPU.Build.0 = Release|Any CPU
		{C3D1E2F4-6A5B-4C7D-9E8F-1234567890AB}.Release|x64.ActiveCfg = Release|Any CPU
		{C3D1E2F4-6A5B-4C7D-9E8F-1234567890AB}.Release|x64.Build.0 = Release|Any CPU
		{C3D1E2F4-6A5B-4C7D-9E8F-1234567890AB}.Release|x86.ActiveCfg = Release|Any CPU
		{C3D1E2F4-6A5B-4C7D-9E8F-1234567890AB}.Release|x86.Build.0 = Release|Any CPU
		{150059EF-E23C-4038-B8AF-3A3CD6168902}.Debug|Any CPU.ActiveCfg = Debug|Any CPU
		{150059EF-E23C-4038-B8AF-3A3CD6168902}.Debug|Any CPU.Build.0 = Debug|Any CPU
		{150059EF-E23C-4038-B8AF-3A3CD6168902}.Debug|x64.ActiveCfg = Debug|Any CPU
		{150059EF-E23C-4038-B8AF-3A3CD6168902}.Debug|x64.Build.0 = Debug|Any CPU
		{150059EF-E23C-4038-B8AF-3A3CD6168902}.Debug|x86.ActiveCfg = Debug|Any CPU
		{150059EF-E23C-4038-B8AF-3A3CD6168902}.Debug|x86.Build.0 = Debug|Any CPU
		{150059EF-E23C-4038-B8AF-3A3CD6168902}.Release|Any CPU.ActiveCfg = Release|Any CPU
		{150059EF-E23C-4038-B8AF-3A3CD6168902}.Release|Any CPU.Build.0 = Release|Any CPU
		{150059EF-E23C-4038-B8AF-3A3CD6168902}.Release|x64.ActiveCfg = Release|Any CPU
		{150059EF-E23C-4038-B8AF-3A3CD6168902}.Release|x64.Build.0 = Release|Any CPU
		{150059EF-E23C-4038-B8AF-3A3CD6168902}.Release|x86.ActiveCfg = Release|Any CPU
		{150059EF-E23C-4038-B8AF-3A3CD6168902}.Release|x86.Build.0 = Release|Any CPU
	EndGlobalSection
	GlobalSection(SolutionProperties) = preSolution
		HideSolutionNode = FALSE
	EndGlobalSection
	GlobalSection(NestedProjects) = preSolution
		{BC0EFBB8-5D92-44F7-B2D8-DECB6B843864} = {11BF4459-C332-B9BD-164A-F44681F2EC0B}
		{B26AAB67-15CF-4694-8D1E-59FDEFD51501} = {11BF4459-C332-B9BD-164A-F44681F2EC0B}
		{C3D1E2F4-6A5B-4C7D-9E8F-1234567890AB} = {11BF4459-C332-B9BD-164A-F44681F2EC0B}
		{150059EF-E23C-4038-B8AF-3A3CD6168902} = {11BF4459-C332-B9BD-164A-F44681F2EC0B}
	EndGlobalSection
EndGlobal
